
Microsoft Visual Studio Solution File, Format Version 12.00
# Visual Studio Version 16
VisualStudioVersion = 16.0.31112.23
MinimumVisualStudioVersion = 10.0.40219.1
Project("{FAE04EC0-301F-11D3-BF4B-00C04F79EFBC}") = "Taschenrechner", "Taschenrechner\Taschenrechner.csproj", "{A62ED3E7-3A2E-4623-88BC-0356E070EB74}"
EndProject
Global
	GlobalSection(SolutionConfigurationPlatforms) = preSolution
		Debug|Any CPU = Debug|Any CPU
		Release|Any CPU = Release|Any CPU
	EndGlobalSection
	GlobalSection(ProjectConfigurationPlatforms) = postSolution
		{A62ED3E7-3A2E-4623-88BC-0356E070EB74}.Debug|Any CPU.ActiveCfg = Debug|Any CPU
		{A62ED3E7-3A2E-4623-88BC-0356E070EB74}.Debug|Any CPU.Build.0 = Debug|Any CPU
		{A62ED3E7-3A2E-4623-88BC-0356E070EB74}.Release|Any CPU.ActiveCfg = Release|Any CPU
		{A62ED3E7-3A2E-4623-88BC-0356E070EB74}.Release|Any CPU.Build.0 = Release|Any CPU
	EndGlobalSection
	GlobalSection(SolutionProperties) = preSolution
		HideSolutionNode = FALSE
	EndGlobalSection
	GlobalSection(ExtensibilityGlobals) = postSolution
		SolutionGuid = {A3A0AD6B-5EC4-411D-9CDE-FC70B1E0E476}
	EndGlobalSection
EndGlobal
